{
  "name": "ex-js-async-chef",
  "lockfileVersion": 3,
  "requires": true,
  "packages": {
    "": {
      "dependencies": {
        "dayjs": "^1.11.15"
      }
    },
    "node_modules/dayjs": {
      "version": "1.11.15",
      "resolved": "https://registry.npmjs.org/dayjs/-/dayjs-1.11.15.tgz",
      "integrity": "sha512-MC+DfnSWiM9APs7fpiurHGCoeIx0Gdl6QZBy+5lu8MbYKN5FZEXqOgrundfibdfhGZ15o9hzmZ2xJjZnbvgKXQ==",
      "license": "MIT"
    }
  }
}
